
Microsoft Visual Studio Solution File, Format Version 12.00
# Visual Studio Version 16
VisualStudioVersion = 16.0.34031.81
MinimumVisualStudioVersion = 10.0.40219.1
Project("{FAE04EC0-301F-11D3-BF4B-00C04F79EFBC}") = "Soma negativos", "Soma negativos\Soma negativos.csproj", "{3A55C101-57CD-4EAB-90AB-779FFEADF376}"
EndProject
Global
	GlobalSection(SolutionConfigurationPlatforms) = preSolution
		Debug|Any CPU = Debug|Any CPU
		Release|Any CPU = Release|Any CPU
	EndGlobalSection
	GlobalSection(ProjectConfigurationPlatforms) = postSolution
		{3A55C101-57CD-4EAB-90AB-779FFEADF376}.Debug|Any CPU.ActiveCfg = Debug|Any CPU
		{3A55C101-57CD-4EAB-90AB-779FFEADF376}.Debug|Any CPU.Build.0 = Debug|Any CPU
		{3A55C101-57CD-4EAB-90AB-779FFEADF376}.Release|Any CPU.ActiveCfg = Release|Any CPU
		{3A55C101-57CD-4EAB-90AB-779FFEADF376}.Release|Any CPU.Build.0 = Release|Any CPU
	EndGlobalSection
	GlobalSection(SolutionProperties) = preSolution
		HideSolutionNode = FALSE
	EndGlobalSection
	GlobalSection(ExtensibilityGlobals) = postSolution
		SolutionGuid = {BE2C4AC7-9ECC-41E7-8E32-A85AA00CB64A}
	EndGlobalSection
EndGlobal
